
Microsoft Visual Studio Solution File, Format Version 12.00
# Visual Studio Version 16
VisualStudioVersion = 16.0.30225.117
MinimumVisualStudioVersion = 10.0.40219.1
Project("{9A19103F-16F7-4668-BE54-9A1E7A4F7556}") = "CarRental.Api", "CarRental.Api\CarRental.Api.csproj", "{F65A156C-279B-4734-BEAE-2E4DF5FAF2C4}"
EndProject
Project("{9A19103F-16F7-4668-BE54-9A1E7A4F7556}") = "CarRental.Database", "CarRental.Database\CarRental.Database.csproj", "{6AFCF716-E18F-4DFE-AD09-249ABA8C670A}"
EndProject
Project("{9A19103F-16F7-4668-BE54-9A1E7A4F7556}") = "CarRental.Services", "CarRental.Services\CarRental.Services.csproj", "{B7965A47-1B0C-4A8A-B7C8-4A7C9740F7FE}"
EndProject
Project("{9A19103F-16F7-4668-BE54-9A1E7A4F7556}") = "CarRental.Application.Dto", "CarRental.Application.Dto\CarRental.Application.Dto.csproj", "{61B12151-AEB0-47CF-84FC-414AA916A733}"
EndProject
Project("{9A19103F-16F7-4668-BE54-9A1E7A4F7556}") = "CarRental.BusinessLogic", "CarRental.BusinessLogic\CarRental.BusinessLogic.csproj", "{7FCFCFF5-B8C5-4A47-BD99-50E55953D0C7}"
EndProject
Project("{2150E333-8FDC-42A3-9474-1A3956D46DE8}") = "_SolutionAssets", "_SolutionAssets", "{D8CB17CB-6878-4896-856B-6B6AA2A0A85B}"
	ProjectSection(SolutionItems) = preProject
		ReadMe.md = ReadMe.md
		RentalCars.pdf = RentalCars.pdf
	EndProjectSection
EndProject
Project("{9A19103F-16F7-4668-BE54-9A1E7A4F7556}") = "CarRental.BusinessLogic.UnitTests", "CarRental.BusinessLogic.UnitTests\CarRental.BusinessLogic.UnitTests.csproj", "{55EAFB1A-0B9F-418D-B148-BC48A1E7BC7B}"
EndProject
Project("{FAE04EC0-301F-11D3-BF4B-00C04F79EFBC}") = "CarRental.Test", "CarRental.Test\CarRental.Test.csproj", "{3BDDEB2F-1A89-4C68-B11D-64B717DCDCBA}"
EndProject
Project("{FAE04EC0-301F-11D3-BF4B-00C04F79EFBC}") = "CarRental.Services.UnitTests", "CarRental.Services.UnitTests\CarRental.Services.UnitTests.csproj", "{66764B68-FBBD-493A-AF9A-67905CC56CB9}"
EndProject
Global
	GlobalSection(SolutionConfigurationPlatforms) = preSolution
		Debug|Any CPU = Debug|Any CPU
		Release|Any CPU = Release|Any CPU
	EndGlobalSection
	GlobalSection(ProjectConfigurationPlatforms) = postSolution
		{F65A156C-279B-4734-BEAE-2E4DF5FAF2C4}.Debug|Any CPU.ActiveCfg = Debug|Any CPU
		{F65A156C-279B-4734-BEAE-2E4DF5FAF2C4}.Debug|Any CPU.Build.0 = Debug|Any CPU
		{F65A156C-279B-4734-BEAE-2E4DF5FAF2C4}.Release|Any CPU.ActiveCfg = Release|Any CPU
		{F65A156C-279B-4734-BEAE-2E4DF5FAF2C4}.Release|Any CPU.Build.0 = Release|Any CPU
		{6AFCF716-E18F-4DFE-AD09-249ABA8C670A}.Debug|Any CPU.ActiveCfg = Debug|Any CPU
		{6AFCF716-E18F-4DFE-AD09-249ABA8C670A}.Debug|Any CPU.Build.0 = Debug|Any CPU
		{6AFCF716-E18F-4DFE-AD09-249ABA8C670A}.Release|Any CPU.ActiveCfg = Release|Any CPU
		{6AFCF716-E18F-4DFE-AD09-249ABA8C670A}.Release|Any CPU.Build.0 = Release|Any CPU
		{B7965A47-1B0C-4A8A-B7C8-4A7C9740F7FE}.Debug|Any CPU.ActiveCfg = Debug|Any CPU
		{B7965A47-1B0C-4A8A-B7C8-4A7C9740F7FE}.Debug|Any CPU.Build.0 = Debug|Any CPU
		{B7965A47-1B0C-4A8A-B7C8-4A7C9740F7FE}.Release|Any CPU.ActiveCfg = Release|Any CPU
		{B7965A47-1B0C-4A8A-B7C8-4A7C9740F7FE}.Release|Any CPU.Build.0 = Release|Any CPU
		{61B12151-AEB0-47CF-84FC-414AA916A733}.Debug|Any CPU.ActiveCfg = Debug|Any CPU
		{61B12151-AEB0-47CF-84FC-414AA916A733}.Debug|Any CPU.Build.0 = Debug|Any CPU
		{61B12151-AEB0-47CF-84FC-414AA916A733}.Release|Any CPU.ActiveCfg = Release|Any CPU
		{61B12151-AEB0-47CF-84FC-414AA916A733}.Release|Any CPU.Build.0 = Release|Any CPU
		{7FCFCFF5-B8C5-4A47-BD99-50E55953D0C7}.Debug|Any CPU.ActiveCfg = Debug|Any CPU
		{7FCFCFF5-B8C5-4A47-BD99-50E55953D0C7}.Debug|Any CPU.Build.0 = Debug|Any CPU
		{7FCFCFF5-B8C5-4A47-BD99-50E55953D0C7}.Release|Any CPU.ActiveCfg = Release|Any CPU
		{7FCFCFF5-B8C5-4A47-BD99-50E55953D0C7}.Release|Any CPU.Build.0 = Release|Any CPU
		{55EAFB1A-0B9F-418D-B148-BC48A1E7BC7B}.Debug|Any CPU.ActiveCfg = Debug|Any CPU
		{55EAFB1A-0B9F-418D-B148-BC48A1E7BC7B}.Debug|Any CPU.Build.0 = Debug|Any CPU
		{55EAFB1A-0B9F-418D-B148-BC48A1E7BC7B}.Release|Any CPU.ActiveCfg = Release|Any CPU
		{55EAFB1A-0B9F-418D-B148-BC48A1E7BC7B}.Release|Any CPU.Build.0 = Release|Any CPU
		{3BDDEB2F-1A89-4C68-B11D-64B717DCDCBA}.Debug|Any CPU.ActiveCfg = Debug|Any CPU
		{3BDDEB2F-1A89-4C68-B11D-64B717DCDCBA}.Debug|Any CPU.Build.0 = Debug|Any CPU
		{3BDDEB2F-1A89-4C68-B11D-64B717DCDCBA}.Release|Any CPU.ActiveCfg = Release|Any CPU
		{3BDDEB2F-1A89-4C68-B11D-64B717DCDCBA}.Release|Any CPU.Build.0 = Release|Any CPU
		{66764B68-FBBD-493A-AF9A-67905CC56CB9}.Debug|Any CPU.ActiveCfg = Debug|Any CPU
		{66764B68-FBBD-493A-AF9A-67905CC56CB9}.Debug|Any CPU.Build.0 = Debug|Any CPU
		{66764B68-FBBD-493A-AF9A-67905CC56CB9}.Release|Any CPU.ActiveCfg = Release|Any CPU
		{66764B68-FBBD-493A-AF9A-67905CC56CB9}.Release|Any CPU.Build.0 = Release|Any CPU
	EndGlobalSection
	GlobalSection(SolutionProperties) = preSolution
		HideSolutionNode = FALSE
	EndGlobalSection
	GlobalSection(ExtensibilityGlobals) = postSolution
		SolutionGuid = {24B9B63A-2A91-498E-969A-073C8A9AADEF}
	EndGlobalSection
EndGlobal
