
Microsoft Visual Studio Solution File, Format Version 12.00
# Visual Studio Version 16
VisualStudioVersion = 16.0.30225.117
MinimumVisualStudioVersion = 10.0.40219.1
Project("{9A19103F-16F7-4668-BE54-9A1E7A4F7556}") = "CarRental.Api", "CarRental.Api\CarRental.Api.csproj", "{F65A156C-279B-4734-BEAE-2E4DF5FAF2C4}"
EndProject
Project("{9A19103F-16F7-4668-BE54-9A1E7A4F7556}") = "CarRental.Database", "CarRental.Database\CarRental.Database.csproj", "{6AFCF716-E18F-4DFE-AD09-249ABA8C670A}"
EndProject
Project("{9A19103F-16F7-4668-BE54-9A1E7A4F7556}") = "CarRental.Services", "CarRental.Services\CarRental.Services.csproj", "{B7965A47-1B0C-4A8A-B7C8-4A7C9740F7FE}"
EndProject
Project("{9A19103F-16F7-4668-BE54-9A1E7A4F7556}") = "CarRental.Application.Dto", "CarRental.BusinessLogic\CarRental.Application.Dto.csproj", "{397F8B90-5211-4B03-A0E0-AF435FBEF7BE}"
EndProject
Global
	GlobalSection(SolutionConfigurationPlatforms) = preSolution
		Debug|Any CPU = Debug|Any CPU
		Release|Any CPU = Release|Any CPU
	EndGlobalSection
	GlobalSection(ProjectConfigurationPlatforms) = postSolution
		{F65A156C-279B-4734-BEAE-2E4DF5FAF2C4}.Debug|Any CPU.ActiveCfg = Debug|Any CPU
		{F65A156C-279B-4734-BEAE-2E4DF5FAF2C4}.Debug|Any CPU.Build.0 = Debug|Any CPU
		{F65A156C-279B-4734-BEAE-2E4DF5FAF2C4}.Release|Any CPU.ActiveCfg = Release|Any CPU
		{F65A156C-279B-4734-BEAE-2E4DF5FAF2C4}.Release|Any CPU.Build.0 = Release|Any CPU
		{6AFCF716-E18F-4DFE-AD09-249ABA8C670A}.Debug|Any CPU.ActiveCfg = Debug|Any CPU
		{6AFCF716-E18F-4DFE-AD09-249ABA8C670A}.Debug|Any CPU.Build.0 = Debug|Any CPU
		{6AFCF716-E18F-4DFE-AD09-249ABA8C670A}.Release|Any CPU.ActiveCfg = Release|Any CPU
		{6AFCF716-E18F-4DFE-AD09-249ABA8C670A}.Release|Any CPU.Build.0 = Release|Any CPU
		{B7965A47-1B0C-4A8A-B7C8-4A7C9740F7FE}.Debug|Any CPU.ActiveCfg = Debug|Any CPU
		{B7965A47-1B0C-4A8A-B7C8-4A7C9740F7FE}.Debug|Any CPU.Build.0 = Debug|Any CPU
		{B7965A47-1B0C-4A8A-B7C8-4A7C9740F7FE}.Release|Any CPU.ActiveCfg = Release|Any CPU
		{B7965A47-1B0C-4A8A-B7C8-4A7C9740F7FE}.Release|Any CPU.Build.0 = Release|Any CPU
		{397F8B90-5211-4B03-A0E0-AF435FBEF7BE}.Debug|Any CPU.ActiveCfg = Debug|Any CPU
		{397F8B90-5211-4B03-A0E0-AF435FBEF7BE}.Debug|Any CPU.Build.0 = Debug|Any CPU
		{397F8B90-5211-4B03-A0E0-AF435FBEF7BE}.Release|Any CPU.ActiveCfg = Release|Any CPU
		{397F8B90-5211-4B03-A0E0-AF435FBEF7BE}.Release|Any CPU.Build.0 = Release|Any CPU
	EndGlobalSection
	GlobalSection(SolutionProperties) = preSolution
		HideSolutionNode = FALSE
	EndGlobalSection
	GlobalSection(ExtensibilityGlobals) = postSolution
		SolutionGuid = {24B9B63A-2A91-498E-969A-073C8A9AADEF}
	EndGlobalSection
EndGlobal
